// !$*UTF8*$!
{
	archiveVersion = 1;
	classes = {
	};
	objectVersion = 56;
	objects = {

/* Begin PBXBuildFile section */
		338076152B98763500DEADAB /* SwiftUIAdvancedLearningApp.swift in Sources */ = {isa = PBXBuildFile; fileRef = 338076142B98763500DEADAB /* SwiftUIAdvancedLearningApp.swift */; };
		338076192B98763600DEADAB /* Assets.xcassets in Resources */ = {isa = PBXBuildFile; fileRef = 338076182B98763600DEADAB /* Assets.xcassets */; };
		3380761C2B98763600DEADAB /* Preview Assets.xcassets in Resources */ = {isa = PBXBuildFile; fileRef = 3380761B2B98763600DEADAB /* Preview Assets.xcassets */; };
		338076232B98768400DEADAB /* ViewModifierBootcamp.swift in Sources */ = {isa = PBXBuildFile; fileRef = 338076222B98768400DEADAB /* ViewModifierBootcamp.swift */; };
		96265BF22B98BA4D000F845A /* ButtonStyleBootcamp.swift in Sources */ = {isa = PBXBuildFile; fileRef = 96265BF12B98BA4D000F845A /* ButtonStyleBootcamp.swift */; };
		96265BF42B999D24000F845A /* AnyTrasitionBootcamp.swift in Sources */ = {isa = PBXBuildFile; fileRef = 96265BF32B999D24000F845A /* AnyTrasitionBootcamp.swift */; };
		96265BF62B99A529000F845A /* MatchedGeometryEffectBootcamp.swift in Sources */ = {isa = PBXBuildFile; fileRef = 96265BF52B99A529000F845A /* MatchedGeometryEffectBootcamp.swift */; };
		96265BF82B99AF6E000F845A /* CustomShapesBootcamp.swift in Sources */ = {isa = PBXBuildFile; fileRef = 96265BF72B99AF6E000F845A /* CustomShapesBootcamp.swift */; };
		96265BFA2B99B759000F845A /* CustomCurvesBootcamp.swift in Sources */ = {isa = PBXBuildFile; fileRef = 96265BF92B99B759000F845A /* CustomCurvesBootcamp.swift */; };
		96265BFC2B99BFD1000F845A /* AnimatableDataBootcamp.swift in Sources */ = {isa = PBXBuildFile; fileRef = 96265BFB2B99BFD1000F845A /* AnimatableDataBootcamp.swift */; };
		96265BFE2B9AF2B4000F845A /* GenericsBootcamp.swift in Sources */ = {isa = PBXBuildFile; fileRef = 96265BFD2B9AF2B4000F845A /* GenericsBootcamp.swift */; };
		96265C002B9AF978000F845A /* ViewBuilderBootcamp.swift in Sources */ = {isa = PBXBuildFile; fileRef = 96265BFF2B9AF978000F845A /* ViewBuilderBootcamp.swift */; };
		96265C022B9B0B56000F845A /* PreferenceKeyBootcamp.swift in Sources */ = {isa = PBXBuildFile; fileRef = 96265C012B9B0B56000F845A /* PreferenceKeyBootcamp.swift */; };
		96265C052B9B122F000F845A /* GeometryPreferenceKeyBootcamp.swift in Sources */ = {isa = PBXBuildFile; fileRef = 96265C042B9B122F000F845A /* GeometryPreferenceKeyBootcamp.swift */; };
		96265C072B9B14DF000F845A /* ScrollViewOffsetPreferenceKeyBootcamp.swift in Sources */ = {isa = PBXBuildFile; fileRef = 96265C062B9B14DF000F845A /* ScrollViewOffsetPreferenceKeyBootcamp.swift */; };
		96265C0A2B9B1A64000F845A /* AppTabBarView.swift in Sources */ = {isa = PBXBuildFile; fileRef = 96265C092B9B1A64000F845A /* AppTabBarView.swift */; };
		96265C0C2B9B1B4A000F845A /* CustomTabBarView.swift in Sources */ = {isa = PBXBuildFile; fileRef = 96265C0B2B9B1B4A000F845A /* CustomTabBarView.swift */; };
		96265C0E2B9B1E0D000F845A /* CustomTabBarContainerView.swift in Sources */ = {isa = PBXBuildFile; fileRef = 96265C0D2B9B1E0D000F845A /* CustomTabBarContainerView.swift */; };
		96265C102B9B2D0D000F845A /* TabBarItemsPreferenceKey.swift in Sources */ = {isa = PBXBuildFile; fileRef = 96265C0F2B9B2D0D000F845A /* TabBarItemsPreferenceKey.swift */; };
		96265C122B9B2F5A000F845A /* TabBarItem.swift in Sources */ = {isa = PBXBuildFile; fileRef = 96265C112B9B2F5A000F845A /* TabBarItem.swift */; };
		96265C152B9C79BA000F845A /* AppNavBarView.swift in Sources */ = {isa = PBXBuildFile; fileRef = 96265C142B9C79BA000F845A /* AppNavBarView.swift */; };
		96265C172B9C7EF4000F845A /* CustomNavBarView.swift in Sources */ = {isa = PBXBuildFile; fileRef = 96265C162B9C7EF4000F845A /* CustomNavBarView.swift */; };
		96265C192B9C818A000F845A /* CustomNavBarContainerView.swift in Sources */ = {isa = PBXBuildFile; fileRef = 96265C182B9C818A000F845A /* CustomNavBarContainerView.swift */; };
		96265C1B2B9C82C0000F845A /* CustomNavView.swift in Sources */ = {isa = PBXBuildFile; fileRef = 96265C1A2B9C82C0000F845A /* CustomNavView.swift */; };
		96265C1D2B9C8519000F845A /* CustomNavLink.swift in Sources */ = {isa = PBXBuildFile; fileRef = 96265C1C2B9C8519000F845A /* CustomNavLink.swift */; };
		96265C1F2B9C98DA000F845A /* CustomNavBarPreferenceKeys.swift in Sources */ = {isa = PBXBuildFile; fileRef = 96265C1E2B9C98DA000F845A /* CustomNavBarPreferenceKeys.swift */; };
		96265C212B9ED711000F845A /* UIViewRepresentableBootcamp.swift in Sources */ = {isa = PBXBuildFile; fileRef = 96265C202B9ED711000F845A /* UIViewRepresentableBootcamp.swift */; };
		96265C232B9EE252000F845A /* UIViewControllerRepresentableBootcamp.swift in Sources */ = {isa = PBXBuildFile; fileRef = 96265C222B9EE252000F845A /* UIViewControllerRepresentableBootcamp.swift */; };
		96265C252B9EECD7000F845A /* ProtocolsBootcamp.swift in Sources */ = {isa = PBXBuildFile; fileRef = 96265C242B9EECD7000F845A /* ProtocolsBootcamp.swift */; };
		96265C272B9EF907000F845A /* DependencyInjectionBootcamp.swift in Sources */ = {isa = PBXBuildFile; fileRef = 96265C262B9EF907000F845A /* DependencyInjectionBootcamp.swift */; };
		96265C2A2B9F0B6E000F845A /* UnitTestingBootcampView.swift in Sources */ = {isa = PBXBuildFile; fileRef = 96265C292B9F0B6E000F845A /* UnitTestingBootcampView.swift */; };
		96265C2C2B9F0D4F000F845A /* UnitTestingBootcampViewModel.swift in Sources */ = {isa = PBXBuildFile; fileRef = 96265C2B2B9F0D4F000F845A /* UnitTestingBootcampViewModel.swift */; };
		96265C342B9F0E8C000F845A /* SwiftUIAdvancedLearning_Tests.swift in Sources */ = {isa = PBXBuildFile; fileRef = 96265C332B9F0E8C000F845A /* SwiftUIAdvancedLearning_Tests.swift */; };
		96265C3B2B9F0F42000F845A /* UnitTestingBootcampViewModel_Tests.swift in Sources */ = {isa = PBXBuildFile; fileRef = 96265C3A2B9F0F42000F845A /* UnitTestingBootcampViewModel_Tests.swift */; };
		96265C3D2BA02FEE000F845A /* NewMockDataService.swift in Sources */ = {isa = PBXBuildFile; fileRef = 96265C3C2BA02FEE000F845A /* NewMockDataService.swift */; };
		96265C3F2BA03080000F845A /* NewMockDataService_Tests.swift in Sources */ = {isa = PBXBuildFile; fileRef = 96265C3E2BA03080000F845A /* NewMockDataService_Tests.swift */; };
		96265C412BA054F3000F845A /* UITestingBootcampView.swift in Sources */ = {isa = PBXBuildFile; fileRef = 96265C402BA054F3000F845A /* UITestingBootcampView.swift */; };
		96265C492BA05950000F845A /* SwiftUIAdvancedLearning_UITests.swift in Sources */ = {isa = PBXBuildFile; fileRef = 96265C482BA05950000F845A /* SwiftUIAdvancedLearning_UITests.swift */; };
		96265C4B2BA05951000F845A /* SwiftUIAdvancedLearning_UITestsLaunchTests.swift in Sources */ = {isa = PBXBuildFile; fileRef = 96265C4A2BA05951000F845A /* SwiftUIAdvancedLearning_UITestsLaunchTests.swift */; };
		96265C522BA05A5F000F845A /* UITestingBootcampView_UITests.swift in Sources */ = {isa = PBXBuildFile; fileRef = 96265C512BA05A5F000F845A /* UITestingBootcampView_UITests.swift */; };
		9632C4202BA15542006ACA28 /* AdvancedCombineBootcamp.swift in Sources */ = {isa = PBXBuildFile; fileRef = 9632C41F2BA15542006ACA28 /* AdvancedCombineBootcamp.swift */; };
		9632C4222BA1A96A006ACA28 /* FuturesBootcamp.swift in Sources */ = {isa = PBXBuildFile; fileRef = 9632C4212BA1A96A006ACA28 /* FuturesBootcamp.swift */; };
/* End PBXBuildFile section */

/* Begin PBXContainerItemProxy section */
		96265C352B9F0E8C000F845A /* PBXContainerItemProxy */ = {
			isa = PBXContainerItemProxy;
			containerPortal = 338076092B98763500DEADAB /* Project object */;
			proxyType = 1;
			remoteGlobalIDString = 338076102B98763500DEADAB;
			remoteInfo = SwiftUIAdvancedLearning;
		};
		96265C4C2BA05951000F845A /* PBXContainerItemProxy */ = {
			isa = PBXContainerItemProxy;
			containerPortal = 338076092B98763500DEADAB /* Project object */;
			proxyType = 1;
			remoteGlobalIDString = 338076102B98763500DEADAB;
			remoteInfo = SwiftUIAdvancedLearning;
		};
/* End PBXContainerItemProxy section */

/* Begin PBXFileReference section */
		338076112B98763500DEADAB /* SwiftUIAdvancedLearning.app */ = {isa = PBXFileReference; explicitFileType = wrapper.application; includeInIndex = 0; path = SwiftUIAdvancedLearning.app; sourceTree = BUILT_PRODUCTS_DIR; };
		338076142B98763500DEADAB /* SwiftUIAdvancedLearningApp.swift */ = {isa = PBXFileReference; lastKnownFileType = sourcecode.swift; path = SwiftUIAdvancedLearningApp.swift; sourceTree = "<group>"; };
		338076182B98763600DEADAB /* Assets.xcassets */ = {isa = PBXFileReference; lastKnownFileType = folder.assetcatalog; path = Assets.xcassets; sourceTree = "<group>"; };
		3380761B2B98763600DEADAB /* Preview Assets.xcassets */ = {isa = PBXFileReference; lastKnownFileType = folder.assetcatalog; path = "Preview Assets.xcassets"; sourceTree = "<group>"; };
		338076222B98768400DEADAB /* ViewModifierBootcamp.swift */ = {isa = PBXFileReference; lastKnownFileType = sourcecode.swift; path = ViewModifierBootcamp.swift; sourceTree = "<group>"; };
		96265BF12B98BA4D000F845A /* ButtonStyleBootcamp.swift */ = {isa = PBXFileReference; lastKnownFileType = sourcecode.swift; path = ButtonStyleBootcamp.swift; sourceTree = "<group>"; };
		96265BF32B999D24000F845A /* AnyTrasitionBootcamp.swift */ = {isa = PBXFileReference; lastKnownFileType = sourcecode.swift; path = AnyTrasitionBootcamp.swift; sourceTree = "<group>"; };
		96265BF52B99A529000F845A /* MatchedGeometryEffectBootcamp.swift */ = {isa = PBXFileReference; lastKnownFileType = sourcecode.swift; path = MatchedGeometryEffectBootcamp.swift; sourceTree = "<group>"; };
		96265BF72B99AF6E000F845A /* CustomShapesBootcamp.swift */ = {isa = PBXFileReference; lastKnownFileType = sourcecode.swift; path = CustomShapesBootcamp.swift; sourceTree = "<group>"; };
		96265BF92B99B759000F845A /* CustomCurvesBootcamp.swift */ = {isa = PBXFileReference; lastKnownFileType = sourcecode.swift; path = CustomCurvesBootcamp.swift; sourceTree = "<group>"; };
		96265BFB2B99BFD1000F845A /* AnimatableDataBootcamp.swift */ = {isa = PBXFileReference; lastKnownFileType = sourcecode.swift; path = AnimatableDataBootcamp.swift; sourceTree = "<group>"; };
		96265BFD2B9AF2B4000F845A /* GenericsBootcamp.swift */ = {isa = PBXFileReference; lastKnownFileType = sourcecode.swift; path = GenericsBootcamp.swift; sourceTree = "<group>"; };
		96265BFF2B9AF978000F845A /* ViewBuilderBootcamp.swift */ = {isa = PBXFileReference; lastKnownFileType = sourcecode.swift; path = ViewBuilderBootcamp.swift; sourceTree = "<group>"; };
		96265C012B9B0B56000F845A /* PreferenceKeyBootcamp.swift */ = {isa = PBXFileReference; lastKnownFileType = sourcecode.swift; path = PreferenceKeyBootcamp.swift; sourceTree = "<group>"; };
		96265C042B9B122F000F845A /* GeometryPreferenceKeyBootcamp.swift */ = {isa = PBXFileReference; lastKnownFileType = sourcecode.swift; path = GeometryPreferenceKeyBootcamp.swift; sourceTree = "<group>"; };
		96265C062B9B14DF000F845A /* ScrollViewOffsetPreferenceKeyBootcamp.swift */ = {isa = PBXFileReference; lastKnownFileType = sourcecode.swift; path = ScrollViewOffsetPreferenceKeyBootcamp.swift; sourceTree = "<group>"; };
		96265C092B9B1A64000F845A /* AppTabBarView.swift */ = {isa = PBXFileReference; lastKnownFileType = sourcecode.swift; path = AppTabBarView.swift; sourceTree = "<group>"; };
		96265C0B2B9B1B4A000F845A /* CustomTabBarView.swift */ = {isa = PBXFileReference; lastKnownFileType = sourcecode.swift; path = CustomTabBarView.swift; sourceTree = "<group>"; };
		96265C0D2B9B1E0D000F845A /* CustomTabBarContainerView.swift */ = {isa = PBXFileReference; lastKnownFileType = sourcecode.swift; path = CustomTabBarContainerView.swift; sourceTree = "<group>"; };
		96265C0F2B9B2D0D000F845A /* TabBarItemsPreferenceKey.swift */ = {isa = PBXFileReference; lastKnownFileType = sourcecode.swift; path = TabBarItemsPreferenceKey.swift; sourceTree = "<group>"; };
		96265C112B9B2F5A000F845A /* TabBarItem.swift */ = {isa = PBXFileReference; lastKnownFileType = sourcecode.swift; path = TabBarItem.swift; sourceTree = "<group>"; };
		96265C142B9C79BA000F845A /* AppNavBarView.swift */ = {isa = PBXFileReference; lastKnownFileType = sourcecode.swift; path = AppNavBarView.swift; sourceTree = "<group>"; };
		96265C162B9C7EF4000F845A /* CustomNavBarView.swift */ = {isa = PBXFileReference; lastKnownFileType = sourcecode.swift; path = CustomNavBarView.swift; sourceTree = "<group>"; };
		96265C182B9C818A000F845A /* CustomNavBarContainerView.swift */ = {isa = PBXFileReference; lastKnownFileType = sourcecode.swift; path = CustomNavBarContainerView.swift; sourceTree = "<group>"; };
		96265C1A2B9C82C0000F845A /* CustomNavView.swift */ = {isa = PBXFileReference; lastKnownFileType = sourcecode.swift; path = CustomNavView.swift; sourceTree = "<group>"; };
		96265C1C2B9C8519000F845A /* CustomNavLink.swift */ = {isa = PBXFileReference; lastKnownFileType = sourcecode.swift; path = CustomNavLink.swift; sourceTree = "<group>"; };
		96265C1E2B9C98DA000F845A /* CustomNavBarPreferenceKeys.swift */ = {isa = PBXFileReference; lastKnownFileType = sourcecode.swift; path = CustomNavBarPreferenceKeys.swift; sourceTree = "<group>"; };
		96265C202B9ED711000F845A /* UIViewRepresentableBootcamp.swift */ = {isa = PBXFileReference; lastKnownFileType = sourcecode.swift; path = UIViewRepresentableBootcamp.swift; sourceTree = "<group>"; };
		96265C222B9EE252000F845A /* UIViewControllerRepresentableBootcamp.swift */ = {isa = PBXFileReference; lastKnownFileType = sourcecode.swift; path = UIViewControllerRepresentableBootcamp.swift; sourceTree = "<group>"; };
		96265C242B9EECD7000F845A /* ProtocolsBootcamp.swift */ = {isa = PBXFileReference; lastKnownFileType = sourcecode.swift; path = ProtocolsBootcamp.swift; sourceTree = "<group>"; };
		96265C262B9EF907000F845A /* DependencyInjectionBootcamp.swift */ = {isa = PBXFileReference; lastKnownFileType = sourcecode.swift; path = DependencyInjectionBootcamp.swift; sourceTree = "<group>"; };
		96265C292B9F0B6E000F845A /* UnitTestingBootcampView.swift */ = {isa = PBXFileReference; lastKnownFileType = sourcecode.swift; path = UnitTestingBootcampView.swift; sourceTree = "<group>"; };
		96265C2B2B9F0D4F000F845A /* UnitTestingBootcampViewModel.swift */ = {isa = PBXFileReference; lastKnownFileType = sourcecode.swift; path = UnitTestingBootcampViewModel.swift; sourceTree = "<group>"; };
		96265C312B9F0E8C000F845A /* SwiftUIAdvancedLearning_Tests.xctest */ = {isa = PBXFileReference; explicitFileType = wrapper.cfbundle; includeInIndex = 0; path = SwiftUIAdvancedLearning_Tests.xctest; sourceTree = BUILT_PRODUCTS_DIR; };
		96265C332B9F0E8C000F845A /* SwiftUIAdvancedLearning_Tests.swift */ = {isa = PBXFileReference; lastKnownFileType = sourcecode.swift; path = SwiftUIAdvancedLearning_Tests.swift; sourceTree = "<group>"; };
		96265C3A2B9F0F42000F845A /* UnitTestingBootcampViewModel_Tests.swift */ = {isa = PBXFileReference; lastKnownFileType = sourcecode.swift; path = UnitTestingBootcampViewModel_Tests.swift; sourceTree = "<group>"; };
		96265C3C2BA02FEE000F845A /* NewMockDataService.swift */ = {isa = PBXFileReference; lastKnownFileType = sourcecode.swift; path = NewMockDataService.swift; sourceTree = "<group>"; };
		96265C3E2BA03080000F845A /* NewMockDataService_Tests.swift */ = {isa = PBXFileReference; lastKnownFileType = sourcecode.swift; path = NewMockDataService_Tests.swift; sourceTree = "<group>"; };
		96265C402BA054F3000F845A /* UITestingBootcampView.swift */ = {isa = PBXFileReference; lastKnownFileType = sourcecode.swift; path = UITestingBootcampView.swift; sourceTree = "<group>"; };
		96265C462BA05950000F845A /* SwiftUIAdvancedLearning_UITests.xctest */ = {isa = PBXFileReference; explicitFileType = wrapper.cfbundle; includeInIndex = 0; path = SwiftUIAdvancedLearning_UITests.xctest; sourceTree = BUILT_PRODUCTS_DIR; };
		96265C482BA05950000F845A /* SwiftUIAdvancedLearning_UITests.swift */ = {isa = PBXFileReference; lastKnownFileType = sourcecode.swift; path = SwiftUIAdvancedLearning_UITests.swift; sourceTree = "<group>"; };
		96265C4A2BA05951000F845A /* SwiftUIAdvancedLearning_UITestsLaunchTests.swift */ = {isa = PBXFileReference; lastKnownFileType = sourcecode.swift; path = SwiftUIAdvancedLearning_UITestsLaunchTests.swift; sourceTree = "<group>"; };
		96265C512BA05A5F000F845A /* UITestingBootcampView_UITests.swift */ = {isa = PBXFileReference; lastKnownFileType = sourcecode.swift; path = UITestingBootcampView_UITests.swift; sourceTree = "<group>"; };
		9632C41F2BA15542006ACA28 /* AdvancedCombineBootcamp.swift */ = {isa = PBXFileReference; lastKnownFileType = sourcecode.swift; path = AdvancedCombineBootcamp.swift; sourceTree = "<group>"; };
		9632C4212BA1A96A006ACA28 /* FuturesBootcamp.swift */ = {isa = PBXFileReference; lastKnownFileType = sourcecode.swift; path = FuturesBootcamp.swift; sourceTree = "<group>"; };
/* End PBXFileReference section */

/* Begin PBXFrameworksBuildPhase section */
		3380760E2B98763500DEADAB /* Frameworks */ = {
			isa = PBXFrameworksBuildPhase;
			buildActionMask = 2147483647;
			files = (
			);
			runOnlyForDeploymentPostprocessing = 0;
		};
		96265C2E2B9F0E8C000F845A /* Frameworks */ = {
			isa = PBXFrameworksBuildPhase;
			buildActionMask = 2147483647;
			files = (
			);
			runOnlyForDeploymentPostprocessing = 0;
		};
		96265C432BA05950000F845A /* Frameworks */ = {
			isa = PBXFrameworksBuildPhase;
			buildActionMask = 2147483647;
			files = (
			);
			runOnlyForDeploymentPostprocessing = 0;
		};
/* End PBXFrameworksBuildPhase section */

/* Begin PBXGroup section */
		338076082B98763500DEADAB = {
			isa = PBXGroup;
			children = (
				338076132B98763500DEADAB /* SwiftUIAdvancedLearning */,
				96265C322B9F0E8C000F845A /* SwiftUIAdvancedLearning_Tests */,
				96265C472BA05950000F845A /* SwiftUIAdvancedLearning_UITests */,
				338076122B98763500DEADAB /* Products */,
			);
			sourceTree = "<group>";
		};
		338076122B98763500DEADAB /* Products */ = {
			isa = PBXGroup;
			children = (
				338076112B98763500DEADAB /* SwiftUIAdvancedLearning.app */,
				96265C312B9F0E8C000F845A /* SwiftUIAdvancedLearning_Tests.xctest */,
				96265C462BA05950000F845A /* SwiftUIAdvancedLearning_UITests.xctest */,
			);
			name = Products;
			sourceTree = "<group>";
		};
		338076132B98763500DEADAB /* SwiftUIAdvancedLearning */ = {
			isa = PBXGroup;
			children = (
				338076142B98763500DEADAB /* SwiftUIAdvancedLearningApp.swift */,
				338076222B98768400DEADAB /* ViewModifierBootcamp.swift */,
				96265BF12B98BA4D000F845A /* ButtonStyleBootcamp.swift */,
				96265BF32B999D24000F845A /* AnyTrasitionBootcamp.swift */,
				96265BF52B99A529000F845A /* MatchedGeometryEffectBootcamp.swift */,
				96265BF72B99AF6E000F845A /* CustomShapesBootcamp.swift */,
				96265BF92B99B759000F845A /* CustomCurvesBootcamp.swift */,
				96265BFB2B99BFD1000F845A /* AnimatableDataBootcamp.swift */,
				96265BFD2B9AF2B4000F845A /* GenericsBootcamp.swift */,
				96265BFF2B9AF978000F845A /* ViewBuilderBootcamp.swift */,
				96265C032B9B11FE000F845A /* PreferenceKeyBootcamp */,
				96265C082B9B1A4C000F845A /* CustomTabBar */,
				96265C132B9C79A2000F845A /* CustomNaVBar */,
				96265C202B9ED711000F845A /* UIViewRepresentableBootcamp.swift */,
				96265C222B9EE252000F845A /* UIViewControllerRepresentableBootcamp.swift */,
				96265C242B9EECD7000F845A /* ProtocolsBootcamp.swift */,
				96265C262B9EF907000F845A /* DependencyInjectionBootcamp.swift */,
				96265C282B9F0978000F845A /* UnitTestingBootcamp */,
				96265C402BA054F3000F845A /* UITestingBootcampView.swift */,
				9632C41F2BA15542006ACA28 /* AdvancedCombineBootcamp.swift */,
				9632C4212BA1A96A006ACA28 /* FuturesBootcamp.swift */,
				338076182B98763600DEADAB /* Assets.xcassets */,
				3380761A2B98763600DEADAB /* Preview Content */,
			);
			path = SwiftUIAdvancedLearning;
			sourceTree = "<group>";
		};
		3380761A2B98763600DEADAB /* Preview Content */ = {
			isa = PBXGroup;
			children = (
				3380761B2B98763600DEADAB /* Preview Assets.xcassets */,
			);
			path = "Preview Content";
			sourceTree = "<group>";
		};
		96265C032B9B11FE000F845A /* PreferenceKeyBootcamp */ = {
			isa = PBXGroup;
			children = (
				96265C012B9B0B56000F845A /* PreferenceKeyBootcamp.swift */,
				96265C042B9B122F000F845A /* GeometryPreferenceKeyBootcamp.swift */,
				96265C062B9B14DF000F845A /* ScrollViewOffsetPreferenceKeyBootcamp.swift */,
			);
			path = PreferenceKeyBootcamp;
			sourceTree = "<group>";
		};
		96265C082B9B1A4C000F845A /* CustomTabBar */ = {
			isa = PBXGroup;
			children = (
				96265C092B9B1A64000F845A /* AppTabBarView.swift */,
				96265C0D2B9B1E0D000F845A /* CustomTabBarContainerView.swift */,
				96265C0B2B9B1B4A000F845A /* CustomTabBarView.swift */,
				96265C0F2B9B2D0D000F845A /* TabBarItemsPreferenceKey.swift */,
				96265C112B9B2F5A000F845A /* TabBarItem.swift */,
			);
			path = CustomTabBar;
			sourceTree = "<group>";
		};
		96265C132B9C79A2000F845A /* CustomNaVBar */ = {
			isa = PBXGroup;
			children = (
				96265C142B9C79BA000F845A /* AppNavBarView.swift */,
				96265C1A2B9C82C0000F845A /* CustomNavView.swift */,
				96265C1C2B9C8519000F845A /* CustomNavLink.swift */,
				96265C182B9C818A000F845A /* CustomNavBarContainerView.swift */,
				96265C162B9C7EF4000F845A /* CustomNavBarView.swift */,
				96265C1E2B9C98DA000F845A /* CustomNavBarPreferenceKeys.swift */,
			);
			path = CustomNaVBar;
			sourceTree = "<group>";
		};
		96265C282B9F0978000F845A /* UnitTestingBootcamp */ = {
			isa = PBXGroup;
			children = (
				96265C292B9F0B6E000F845A /* UnitTestingBootcampView.swift */,
				96265C2B2B9F0D4F000F845A /* UnitTestingBootcampViewModel.swift */,
				96265C3C2BA02FEE000F845A /* NewMockDataService.swift */,
			);
			path = UnitTestingBootcamp;
			sourceTree = "<group>";
		};
		96265C322B9F0E8C000F845A /* SwiftUIAdvancedLearning_Tests */ = {
			isa = PBXGroup;
			children = (
				96265C332B9F0E8C000F845A /* SwiftUIAdvancedLearning_Tests.swift */,
				96265C3A2B9F0F42000F845A /* UnitTestingBootcampViewModel_Tests.swift */,
				96265C3E2BA03080000F845A /* NewMockDataService_Tests.swift */,
			);
			path = SwiftUIAdvancedLearning_Tests;
			sourceTree = "<group>";
		};
		96265C472BA05950000F845A /* SwiftUIAdvancedLearning_UITests */ = {
			isa = PBXGroup;
			children = (
				96265C512BA05A5F000F845A /* UITestingBootcampView_UITests.swift */,
				96265C482BA05950000F845A /* SwiftUIAdvancedLearning_UITests.swift */,
				96265C4A2BA05951000F845A /* SwiftUIAdvancedLearning_UITestsLaunchTests.swift */,
			);
			path = SwiftUIAdvancedLearning_UITests;
			sourceTree = "<group>";
		};
/* End PBXGroup section */

/* Begin PBXNativeTarget section */
		338076102B98763500DEADAB /* SwiftUIAdvancedLearning */ = {
			isa = PBXNativeTarget;
			buildConfigurationList = 3380761F2B98763600DEADAB /* Build configuration list for PBXNativeTarget "SwiftUIAdvancedLearning" */;
			buildPhases = (
				3380760D2B98763500DEADAB /* Sources */,
				3380760E2B98763500DEADAB /* Frameworks */,
				3380760F2B98763500DEADAB /* Resources */,
			);
			buildRules = (
			);
			dependencies = (
			);
			name = SwiftUIAdvancedLearning;
			productName = SwiftUIAdvancedLearning;
			productReference = 338076112B98763500DEADAB /* SwiftUIAdvancedLearning.app */;
			productType = "com.apple.product-type.application";
		};
		96265C302B9F0E8C000F845A /* SwiftUIAdvancedLearning_Tests */ = {
			isa = PBXNativeTarget;
			buildConfigurationList = 96265C372B9F0E8C000F845A /* Build configuration list for PBXNativeTarget "SwiftUIAdvancedLearning_Tests" */;
			buildPhases = (
				96265C2D2B9F0E8C000F845A /* Sources */,
				96265C2E2B9F0E8C000F845A /* Frameworks */,
				96265C2F2B9F0E8C000F845A /* Resources */,
			);
			buildRules = (
			);
			dependencies = (
				96265C362B9F0E8C000F845A /* PBXTargetDependency */,
			);
			name = SwiftUIAdvancedLearning_Tests;
			productName = SwiftUIAdvancedLearning_Tests;
			productReference = 96265C312B9F0E8C000F845A /* SwiftUIAdvancedLearning_Tests.xctest */;
			productType = "com.apple.product-type.bundle.unit-test";
		};
		96265C452BA05950000F845A /* SwiftUIAdvancedLearning_UITests */ = {
			isa = PBXNativeTarget;
			buildConfigurationList = 96265C4E2BA05951000F845A /* Build configuration list for PBXNativeTarget "SwiftUIAdvancedLearning_UITests" */;
			buildPhases = (
				96265C422BA05950000F845A /* Sources */,
				96265C432BA05950000F845A /* Frameworks */,
				96265C442BA05950000F845A /* Resources */,
			);
			buildRules = (
			);
			dependencies = (
				96265C4D2BA05951000F845A /* PBXTargetDependency */,
			);
			name = SwiftUIAdvancedLearning_UITests;
			productName = SwiftUIAdvancedLearning_UITests;
			productReference = 96265C462BA05950000F845A /* SwiftUIAdvancedLearning_UITests.xctest */;
			productType = "com.apple.product-type.bundle.ui-testing";
		};
/* End PBXNativeTarget section */

/* Begin PBXProject section */
		338076092B98763500DEADAB /* Project object */ = {
			isa = PBXProject;
			attributes = {
				BuildIndependentTargetsInParallel = 1;
				LastSwiftUpdateCheck = 1530;
				LastUpgradeCheck = 1530;
				TargetAttributes = {
					338076102B98763500DEADAB = {
						CreatedOnToolsVersion = 15.3;
					};
					96265C302B9F0E8C000F845A = {
						CreatedOnToolsVersion = 15.3;
						TestTargetID = 338076102B98763500DEADAB;
					};
					96265C452BA05950000F845A = {
						CreatedOnToolsVersion = 15.3;
						TestTargetID = 338076102B98763500DEADAB;
					};
				};
			};
			buildConfigurationList = 3380760C2B98763500DEADAB /* Build configuration list for PBXProject "SwiftUIAdvancedLearning" */;
			compatibilityVersion = "Xcode 14.0";
			developmentRegion = en;
			hasScannedForEncodings = 0;
			knownRegions = (
				en,
				Base,
			);
			mainGroup = 338076082B98763500DEADAB;
			productRefGroup = 338076122B98763500DEADAB /* Products */;
			projectDirPath = "";
			projectRoot = "";
			targets = (
				338076102B98763500DEADAB /* SwiftUIAdvancedLearning */,
				96265C302B9F0E8C000F845A /* SwiftUIAdvancedLearning_Tests */,
				96265C452BA05950000F845A /* SwiftUIAdvancedLearning_UITests */,
			);
		};
/* End PBXProject section */

/* Begin PBXResourcesBuildPhase section */
		3380760F2B98763500DEADAB /* Resources */ = {
			isa = PBXResourcesBuildPhase;
			buildActionMask = 2147483647;
			files = (
				3380761C2B98763600DEADAB /* Preview Assets.xcassets in Resources */,
				338076192B98763600DEADAB /* Assets.xcassets in Resources */,
			);
			runOnlyForDeploymentPostprocessing = 0;
		};
		96265C2F2B9F0E8C000F845A /* Resources */ = {
			isa = PBXResourcesBuildPhase;
			buildActionMask = 2147483647;
			files = (
			);
			runOnlyForDeploymentPostprocessing = 0;
		};
		96265C442BA05950000F845A /* Resources */ = {
			isa = PBXResourcesBuildPhase;
			buildActionMask = 2147483647;
			files = (
			);
			runOnlyForDeploymentPostprocessing = 0;
		};
/* End PBXResourcesBuildPhase section */

/* Begin PBXSourcesBuildPhase section */
		3380760D2B98763500DEADAB /* Sources */ = {
			isa = PBXSourcesBuildPhase;
			buildActionMask = 2147483647;
			files = (
				96265C2C2B9F0D4F000F845A /* UnitTestingBootcampViewModel.swift in Sources */,
				96265C3D2BA02FEE000F845A /* NewMockDataService.swift in Sources */,
				96265C412BA054F3000F845A /* UITestingBootcampView.swift in Sources */,
				96265C152B9C79BA000F845A /* AppNavBarView.swift in Sources */,
				96265C102B9B2D0D000F845A /* TabBarItemsPreferenceKey.swift in Sources */,
				96265C2A2B9F0B6E000F845A /* UnitTestingBootcampView.swift in Sources */,
				96265C0A2B9B1A64000F845A /* AppTabBarView.swift in Sources */,
				96265C212B9ED711000F845A /* UIViewRepresentableBootcamp.swift in Sources */,
				96265BF22B98BA4D000F845A /* ButtonStyleBootcamp.swift in Sources */,
				338076232B98768400DEADAB /* ViewModifierBootcamp.swift in Sources */,
				338076152B98763500DEADAB /* SwiftUIAdvancedLearningApp.swift in Sources */,
				96265BFA2B99B759000F845A /* CustomCurvesBootcamp.swift in Sources */,
				96265BFC2B99BFD1000F845A /* AnimatableDataBootcamp.swift in Sources */,
				96265C0C2B9B1B4A000F845A /* CustomTabBarView.swift in Sources */,
				9632C4202BA15542006ACA28 /* AdvancedCombineBootcamp.swift in Sources */,
				96265C1B2B9C82C0000F845A /* CustomNavView.swift in Sources */,
				96265C172B9C7EF4000F845A /* CustomNavBarView.swift in Sources */,
				96265C002B9AF978000F845A /* ViewBuilderBootcamp.swift in Sources */,
				96265BFE2B9AF2B4000F845A /* GenericsBootcamp.swift in Sources */,
				9632C4222BA1A96A006ACA28 /* FuturesBootcamp.swift in Sources */,
				96265C232B9EE252000F845A /* UIViewControllerRepresentableBootcamp.swift in Sources */,
				96265C1D2B9C8519000F845A /* CustomNavLink.swift in Sources */,
				96265C1F2B9C98DA000F845A /* CustomNavBarPreferenceKeys.swift in Sources */,
				96265C052B9B122F000F845A /* GeometryPreferenceKeyBootcamp.swift in Sources */,
				96265BF42B999D24000F845A /* AnyTrasitionBootcamp.swift in Sources */,
				96265C122B9B2F5A000F845A /* TabBarItem.swift in Sources */,
				96265BF62B99A529000F845A /* MatchedGeometryEffectBootcamp.swift in Sources */,
				96265C272B9EF907000F845A /* DependencyInjectionBootcamp.swift in Sources */,
				96265C022B9B0B56000F845A /* PreferenceKeyBootcamp.swift in Sources */,
				96265C192B9C818A000F845A /* CustomNavBarContainerView.swift in Sources */,
				96265C252B9EECD7000F845A /* ProtocolsBootcamp.swift in Sources */,
				96265C072B9B14DF000F845A /* ScrollViewOffsetPreferenceKeyBootcamp.swift in Sources */,
				96265BF82B99AF6E000F845A /* CustomShapesBootcamp.swift in Sources */,
				96265C0E2B9B1E0D000F845A /* CustomTabBarContainerView.swift in Sources */,
			);
			runOnlyForDeploymentPostprocessing = 0;
		};
		96265C2D2B9F0E8C000F845A /* Sources */ = {
			isa = PBXSourcesBuildPhase;
			buildActionMask = 2147483647;
			files = (
				96265C3B2B9F0F42000F845A /* UnitTestingBootcampViewModel_Tests.swift in Sources */,
				96265C342B9F0E8C000F845A /* SwiftUIAdvancedLearning_Tests.swift in Sources */,
				96265C3F2BA03080000F845A /* NewMockDataService_Tests.swift in Sources */,
			);
			runOnlyForDeploymentPostprocessing = 0;
		};
		96265C422BA05950000F845A /* Sources */ = {
			isa = PBXSourcesBuildPhase;
			buildActionMask = 2147483647;
			files = (
				96265C4B2BA05951000F845A /* SwiftUIAdvancedLearning_UITestsLaunchTests.swift in Sources */,
				96265C522BA05A5F000F845A /* UITestingBootcampView_UITests.swift in Sources */,
				96265C492BA05950000F845A /* SwiftUIAdvancedLearning_UITests.swift in Sources */,
			);
			runOnlyForDeploymentPostprocessing = 0;
		};
/* End PBXSourcesBuildPhase section */

/* Begin PBXTargetDependency section */
		96265C362B9F0E8C000F845A /* PBXTargetDependency */ = {
			isa = PBXTargetDependency;
			target = 338076102B98763500DEADAB /* SwiftUIAdvancedLearning */;
			targetProxy = 96265C352B9F0E8C000F845A /* PBXContainerItemProxy */;
		};
		96265C4D2BA05951000F845A /* PBXTargetDependency */ = {
			isa = PBXTargetDependency;
			target = 338076102B98763500DEADAB /* SwiftUIAdvancedLearning */;
			targetProxy = 96265C4C2BA05951000F845A /* PBXContainerItemProxy */;
		};
/* End PBXTargetDependency section */

/* Begin XCBuildConfiguration section */
		3380761D2B98763600DEADAB /* Debug */ = {
			isa = XCBuildConfiguration;
			buildSettings = {
				ALWAYS_SEARCH_USER_PATHS = NO;
				ASSETCATALOG_COMPILER_GENERATE_SWIFT_ASSET_SYMBOL_EXTENSIONS = YES;
				CLANG_ANALYZER_NONNULL = YES;
				CLANG_ANALYZER_NUMBER_OBJECT_CONVERSION = YES_AGGRESSIVE;
				CLANG_CXX_LANGUAGE_STANDARD = "gnu++20";
				CLANG_ENABLE_MODULES = YES;
				CLANG_ENABLE_OBJC_ARC = YES;
				CLANG_ENABLE_OBJC_WEAK = YES;
				CLANG_WARN_BLOCK_CAPTURE_AUTORELEASING = YES;
				CLANG_WARN_BOOL_CONVERSION = YES;
				CLANG_WARN_COMMA = YES;
				CLANG_WARN_CONSTANT_CONVERSION = YES;
				CLANG_WARN_DEPRECATED_OBJC_IMPLEMENTATIONS = YES;
				CLANG_WARN_DIRECT_OBJC_ISA_USAGE = YES_ERROR;
				CLANG_WARN_DOCUMENTATION_COMMENTS = YES;
				CLANG_WARN_EMPTY_BODY = YES;
				CLANG_WARN_ENUM_CONVERSION = YES;
				CLANG_WARN_INFINITE_RECURSION = YES;
				CLANG_WARN_INT_CONVERSION = YES;
				CLANG_WARN_NON_LITERAL_NULL_CONVERSION = YES;
				CLANG_WARN_OBJC_IMPLICIT_RETAIN_SELF = YES;
				CLANG_WARN_OBJC_LITERAL_CONVERSION = YES;
				CLANG_WARN_OBJC_ROOT_CLASS = YES_ERROR;
				CLANG_WARN_QUOTED_INCLUDE_IN_FRAMEWORK_HEADER = YES;
				CLANG_WARN_RANGE_LOOP_ANALYSIS = YES;
				CLANG_WARN_STRICT_PROTOTYPES = YES;
				CLANG_WARN_SUSPICIOUS_MOVE = YES;
				CLANG_WARN_UNGUARDED_AVAILABILITY = YES_AGGRESSIVE;
				CLANG_WARN_UNREACHABLE_CODE = YES;
				CLANG_WARN__DUPLICATE_METHOD_MATCH = YES;
				COPY_PHASE_STRIP = NO;
				DEBUG_INFORMATION_FORMAT = dwarf;
				ENABLE_STRICT_OBJC_MSGSEND = YES;
				ENABLE_TESTABILITY = YES;
				ENABLE_USER_SCRIPT_SANDBOXING = YES;
				GCC_C_LANGUAGE_STANDARD = gnu17;
				GCC_DYNAMIC_NO_PIC = NO;
				GCC_NO_COMMON_BLOCKS = YES;
				GCC_OPTIMIZATION_LEVEL = 0;
				GCC_PREPROCESSOR_DEFINITIONS = (
					"DEBUG=1",
					"$(inherited)",
				);
				GCC_WARN_64_TO_32_BIT_CONVERSION = YES;
				GCC_WARN_ABOUT_RETURN_TYPE = YES_ERROR;
				GCC_WARN_UNDECLARED_SELECTOR = YES;
				GCC_WARN_UNINITIALIZED_AUTOS = YES_AGGRESSIVE;
				GCC_WARN_UNUSED_FUNCTION = YES;
				GCC_WARN_UNUSED_VARIABLE = YES;
				IPHONEOS_DEPLOYMENT_TARGET = 17.4;
				LOCALIZATION_PREFERS_STRING_CATALOGS = YES;
				MTL_ENABLE_DEBUG_INFO = INCLUDE_SOURCE;
				MTL_FAST_MATH = YES;
				ONLY_ACTIVE_ARCH = YES;
				SDKROOT = iphoneos;
				SWIFT_ACTIVE_COMPILATION_CONDITIONS = "DEBUG $(inherited)";
				SWIFT_OPTIMIZATION_LEVEL = "-Onone";
			};
			name = Debug;
		};
		3380761E2B98763600DEADAB /* Release */ = {
			isa = XCBuildConfiguration;
			buildSettings = {
				ALWAYS_SEARCH_USER_PATHS = NO;
				ASSETCATALOG_COMPILER_GENERATE_SWIFT_ASSET_SYMBOL_EXTENSIONS = YES;
				CLANG_ANALYZER_NONNULL = YES;
				CLANG_ANALYZER_NUMBER_OBJECT_CONVERSION = YES_AGGRESSIVE;
				CLANG_CXX_LANGUAGE_STANDARD = "gnu++20";
				CLANG_ENABLE_MODULES = YES;
				CLANG_ENABLE_OBJC_ARC = YES;
				CLANG_ENABLE_OBJC_WEAK = YES;
				CLANG_WARN_BLOCK_CAPTURE_AUTORELEASING = YES;
				CLANG_WARN_BOOL_CONVERSION = YES;
				CLANG_WARN_COMMA = YES;
				CLANG_WARN_CONSTANT_CONVERSION = YES;
				CLANG_WARN_DEPRECATED_OBJC_IMPLEMENTATIONS = YES;
				CLANG_WARN_DIRECT_OBJC_ISA_USAGE = YES_ERROR;
				CLANG_WARN_DOCUMENTATION_COMMENTS = YES;
				CLANG_WARN_EMPTY_BODY = YES;
				CLANG_WARN_ENUM_CONVERSION = YES;
				CLANG_WARN_INFINITE_RECURSION = YES;
				CLANG_WARN_INT_CONVERSION = YES;
				CLANG_WARN_NON_LITERAL_NULL_CONVERSION = YES;
				CLANG_WARN_OBJC_IMPLICIT_RETAIN_SELF = YES;
				CLANG_WARN_OBJC_LITERAL_CONVERSION = YES;
				CLANG_WARN_OBJC_ROOT_CLASS = YES_ERROR;
				CLANG_WARN_QUOTED_INCLUDE_IN_FRAMEWORK_HEADER = YES;
				CLANG_WARN_RANGE_LOOP_ANALYSIS = YES;
				CLANG_WARN_STRICT_PROTOTYPES = YES;
				CLANG_WARN_SUSPICIOUS_MOVE = YES;
				CLANG_WARN_UNGUARDED_AVAILABILITY = YES_AGGRESSIVE;
				CLANG_WARN_UNREACHABLE_CODE = YES;
				CLANG_WARN__DUPLICATE_METHOD_MATCH = YES;
				COPY_PHASE_STRIP = NO;
				DEBUG_INFORMATION_FORMAT = "dwarf-with-dsym";
				ENABLE_NS_ASSERTIONS = NO;
				ENABLE_STRICT_OBJC_MSGSEND = YES;
				ENABLE_USER_SCRIPT_SANDBOXING = YES;
				GCC_C_LANGUAGE_STANDARD = gnu17;
				GCC_NO_COMMON_BLOCKS = YES;
				GCC_WARN_64_TO_32_BIT_CONVERSION = YES;
				GCC_WARN_ABOUT_RETURN_TYPE = YES_ERROR;
				GCC_WARN_UNDECLARED_SELECTOR = YES;
				GCC_WARN_UNINITIALIZED_AUTOS = YES_AGGRESSIVE;
				GCC_WARN_UNUSED_FUNCTION = YES;
				GCC_WARN_UNUSED_VARIABLE = YES;
				IPHONEOS_DEPLOYMENT_TARGET = 17.4;
				LOCALIZATION_PREFERS_STRING_CATALOGS = YES;
				MTL_ENABLE_DEBUG_INFO = NO;
				MTL_FAST_MATH = YES;
				SDKROOT = iphoneos;
				SWIFT_COMPILATION_MODE = wholemodule;
				VALIDATE_PRODUCT = YES;
			};
			name = Release;
		};
		338076202B98763600DEADAB /* Debug */ = {
			isa = XCBuildConfiguration;
			buildSettings = {
				ASSETCATALOG_COMPILER_APPICON_NAME = AppIcon;
				ASSETCATALOG_COMPILER_GLOBAL_ACCENT_COLOR_NAME = AccentColor;
				CODE_SIGN_STYLE = Automatic;
				CURRENT_PROJECT_VERSION = 1;
				DEVELOPMENT_ASSET_PATHS = "\"SwiftUIAdvancedLearning/Preview Content\"";
				DEVELOPMENT_TEAM = 7PL3GNXND7;
				ENABLE_PREVIEWS = YES;
				GENERATE_INFOPLIST_FILE = YES;
				INFOPLIST_KEY_UIApplicationSceneManifest_Generation = YES;
				INFOPLIST_KEY_UIApplicationSupportsIndirectInputEvents = YES;
				INFOPLIST_KEY_UILaunchScreen_Generation = YES;
				INFOPLIST_KEY_UISupportedInterfaceOrientations_iPad = "UIInterfaceOrientationPortrait UIInterfaceOrientationPortraitUpsideDown UIInterfaceOrientationLandscapeLeft UIInterfaceOrientationLandscapeRight";
				INFOPLIST_KEY_UISupportedInterfaceOrientations_iPhone = "UIInterfaceOrientationPortrait UIInterfaceOrientationLandscapeLeft UIInterfaceOrientationLandscapeRight";
				LD_RUNPATH_SEARCH_PATHS = (
					"$(inherited)",
					"@executable_path/Frameworks",
				);
				MARKETING_VERSION = 1.0;
				PRODUCT_BUNDLE_IDENTIFIER = baihong.bao.SwiftUIAdvancedLearning;
				PRODUCT_NAME = "$(TARGET_NAME)";
				SWIFT_EMIT_LOC_STRINGS = YES;
				SWIFT_VERSION = 5.0;
				TARGETED_DEVICE_FAMILY = "1,2";
			};
			name = Debug;
		};
		338076212B98763600DEADAB /* Release */ = {
			isa = XCBuildConfiguration;
			buildSettings = {
				ASSETCATALOG_COMPILER_APPICON_NAME = AppIcon;
				ASSETCATALOG_COMPILER_GLOBAL_ACCENT_COLOR_NAME = AccentColor;
				CODE_SIGN_STYLE = Automatic;
				CURRENT_PROJECT_VERSION = 1;
				DEVELOPMENT_ASSET_PATHS = "\"SwiftUIAdvancedLearning/Preview Content\"";
				DEVELOPMENT_TEAM = 7PL3GNXND7;
				ENABLE_PREVIEWS = YES;
				GENERATE_INFOPLIST_FILE = YES;
				INFOPLIST_KEY_UIApplicationSceneManifest_Generation = YES;
				INFOPLIST_KEY_UIApplicationSupportsIndirectInputEvents = YES;
				INFOPLIST_KEY_UILaunchScreen_Generation = YES;
				INFOPLIST_KEY_UISupportedInterfaceOrientations_iPad = "UIInterfaceOrientationPortrait UIInterfaceOrientationPortraitUpsideDown UIInterfaceOrientationLandscapeLeft UIInterfaceOrientationLandscapeRight";
				INFOPLIST_KEY_UISupportedInterfaceOrientations_iPhone = "UIInterfaceOrientationPortrait UIInterfaceOrientationLandscapeLeft UIInterfaceOrientationLandscapeRight";
				LD_RUNPATH_SEARCH_PATHS = (
					"$(inherited)",
					"@executable_path/Frameworks",
				);
				MARKETING_VERSION = 1.0;
				PRODUCT_BUNDLE_IDENTIFIER = baihong.bao.SwiftUIAdvancedLearning;
				PRODUCT_NAME = "$(TARGET_NAME)";
				SWIFT_EMIT_LOC_STRINGS = YES;
				SWIFT_VERSION = 5.0;
				TARGETED_DEVICE_FAMILY = "1,2";
			};
			name = Release;
		};
		96265C382B9F0E8C000F845A /* Debug */ = {
			isa = XCBuildConfiguration;
			buildSettings = {
				BUNDLE_LOADER = "$(TEST_HOST)";
				CODE_SIGN_STYLE = Automatic;
				CURRENT_PROJECT_VERSION = 1;
				DEVELOPMENT_TEAM = 7PL3GNXND7;
				GENERATE_INFOPLIST_FILE = YES;
				MARKETING_VERSION = 1.0;
				PRODUCT_BUNDLE_IDENTIFIER = "BaihongBao.SwiftUIAdvancedLearning-Tests";
				PRODUCT_NAME = "$(TARGET_NAME)";
				SWIFT_EMIT_LOC_STRINGS = NO;
				SWIFT_VERSION = 5.0;
				TARGETED_DEVICE_FAMILY = "1,2";
				TEST_HOST = "$(BUILT_PRODUCTS_DIR)/SwiftUIAdvancedLearning.app/$(BUNDLE_EXECUTABLE_FOLDER_PATH)/SwiftUIAdvancedLearning";
			};
			name = Debug;
		};
		96265C392B9F0E8C000F845A /* Release */ = {
			isa = XCBuildConfiguration;
			buildSettings = {
				BUNDLE_LOADER = "$(TEST_HOST)";
				CODE_SIGN_STYLE = Automatic;
				CURRENT_PROJECT_VERSION = 1;
				DEVELOPMENT_TEAM = 7PL3GNXND7;
				GENERATE_INFOPLIST_FILE = YES;
				MARKETING_VERSION = 1.0;
				PRODUCT_BUNDLE_IDENTIFIER = "BaihongBao.SwiftUIAdvancedLearning-Tests";
				PRODUCT_NAME = "$(TARGET_NAME)";
				SWIFT_EMIT_LOC_STRINGS = NO;
				SWIFT_VERSION = 5.0;
				TARGETED_DEVICE_FAMILY = "1,2";
				TEST_HOST = "$(BUILT_PRODUCTS_DIR)/SwiftUIAdvancedLearning.app/$(BUNDLE_EXECUTABLE_FOLDER_PATH)/SwiftUIAdvancedLearning";
			};
			name = Release;
		};
		96265C4F2BA05951000F845A /* Debug */ = {
			isa = XCBuildConfiguration;
			buildSettings = {
				CODE_SIGN_STYLE = Automatic;
				CURRENT_PROJECT_VERSION = 1;
				DEVELOPMENT_TEAM = 7PL3GNXND7;
				GENERATE_INFOPLIST_FILE = YES;
				MARKETING_VERSION = 1.0;
				PRODUCT_BUNDLE_IDENTIFIER = "BaihongBao.SwiftUIAdvancedLearning-UITests";
				PRODUCT_NAME = "$(TARGET_NAME)";
				SWIFT_EMIT_LOC_STRINGS = NO;
				SWIFT_VERSION = 5.0;
				TARGETED_DEVICE_FAMILY = "1,2";
				TEST_TARGET_NAME = SwiftUIAdvancedLearning;
			};
			name = Debug;
		};
		96265C502BA05951000F845A /* Release */ = {
			isa = XCBuildConfiguration;
			buildSettings = {
				CODE_SIGN_STYLE = Automatic;
				CURRENT_PROJECT_VERSION = 1;
				DEVELOPMENT_TEAM = 7PL3GNXND7;
				GENERATE_INFOPLIST_FILE = YES;
				MARKETING_VERSION = 1.0;
				PRODUCT_BUNDLE_IDENTIFIER = "BaihongBao.SwiftUIAdvancedLearning-UITests";
				PRODUCT_NAME = "$(TARGET_NAME)";
				SWIFT_EMIT_LOC_STRINGS = NO;
				SWIFT_VERSION = 5.0;
				TARGETED_DEVICE_FAMILY = "1,2";
				TEST_TARGET_NAME = SwiftUIAdvancedLearning;
			};
			name = Release;
		};
/* End XCBuildConfiguration section */

/* Begin XCConfigurationList section */
		3380760C2B98763500DEADAB /* Build configuration list for PBXProject "SwiftUIAdvancedLearning" */ = {
			isa = XCConfigurationList;
			buildConfigurations = (
				3380761D2B98763600DEADAB /* Debug */,
				3380761E2B98763600DEADAB /* Release */,
			);
			defaultConfigurationIsVisible = 0;
			defaultConfigurationName = Release;
		};
		3380761F2B98763600DEADAB /* Build configuration list for PBXNativeTarget "SwiftUIAdvancedLearning" */ = {
			isa = XCConfigurationList;
			buildConfigurations = (
				338076202B98763600DEADAB /* Debug */,
				338076212B98763600DEADAB /* Release */,
			);
			defaultConfigurationIsVisible = 0;
			defaultConfigurationName = Release;
		};
		96265C372B9F0E8C000F845A /* Build configuration list for PBXNativeTarget "SwiftUIAdvancedLearning_Tests" */ = {
			isa = XCConfigurationList;
			buildConfigurations = (
				96265C382B9F0E8C000F845A /* Debug */,
				96265C392B9F0E8C000F845A /* Release */,
			);
			defaultConfigurationIsVisible = 0;
			defaultConfigurationName = Release;
		};
		96265C4E2BA05951000F845A /* Build configuration list for PBXNativeTarget "SwiftUIAdvancedLearning_UITests" */ = {
			isa = XCConfigurationList;
			buildConfigurations = (
				96265C4F2BA05951000F845A /* Debug */,
				96265C502BA05951000F845A /* Release */,
			);
			defaultConfigurationIsVisible = 0;
			defaultConfigurationName = Release;
		};
/* End XCConfigurationList section */
	};
	rootObject = 338076092B98763500DEADAB /* Project object */;
}
