// !$*UTF8*$!
{
	archiveVersion = 1;
	classes = {
	};
	objectVersion = 56;
	objects = {

/* Begin PBXBuildFile section */
		338076152B98763500DEADAB /* SwiftUIAdvancedLearningApp.swift in Sources */ = {isa = PBXBuildFile; fileRef = 338076142B98763500DEADAB /* SwiftUIAdvancedLearningApp.swift */; };
		338076192B98763600DEADAB /* Assets.xcassets in Resources */ = {isa = PBXBuildFile; fileRef = 338076182B98763600DEADAB /* Assets.xcassets */; };
		3380761C2B98763600DEADAB /* Preview Assets.xcassets in Resources */ = {isa = PBXBuildFile; fileRef = 3380761B2B98763600DEADAB /* Preview Assets.xcassets */; };
		338076232B98768400DEADAB /* ViewModifierBootcamp.swift in Sources */ = {isa = PBXBuildFile; fileRef = 338076222B98768400DEADAB /* ViewModifierBootcamp.swift */; };
		96265BF22B98BA4D000F845A /* ButtonStyleBootcamp.swift in Sources */ = {isa = PBXBuildFile; fileRef = 96265BF12B98BA4D000F845A /* ButtonStyleBootcamp.swift */; };
		96265BF42B999D24000F845A /* AnyTrasitionBootcamp.swift in Sources */ = {isa = PBXBuildFile; fileRef = 96265BF32B999D24000F845A /* AnyTrasitionBootcamp.swift */; };
		96265BF62B99A529000F845A /* MatchedGeometryEffectBootcamp.swift in Sources */ = {isa = PBXBuildFile; fileRef = 96265BF52B99A529000F845A /* MatchedGeometryEffectBootcamp.swift */; };
		96265BF82B99AF6E000F845A /* CustomShapesBootcamp.swift in Sources */ = {isa = PBXBuildFile; fileRef = 96265BF72B99AF6E000F845A /* CustomShapesBootcamp.swift */; };
		96265BFA2B99B759000F845A /* CusomeCurvesBootcamp.swift in Sources */ = {isa = PBXBuildFile; fileRef = 96265BF92B99B759000F845A /* CusomeCurvesBootcamp.swift */; };
/* End PBXBuildFile section */

/* Begin PBXFileReference section */
		338076112B98763500DEADAB /* SwiftUIAdvancedLearning.app */ = {isa = PBXFileReference; explicitFileType = wrapper.application; includeInIndex = 0; path = SwiftUIAdvancedLearning.app; sourceTree = BUILT_PRODUCTS_DIR; };
		338076142B98763500DEADAB /* SwiftUIAdvancedLearningApp.swift */ = {isa = PBXFileReference; lastKnownFileType = sourcecode.swift; path = SwiftUIAdvancedLearningApp.swift; sourceTree = "<group>"; };
		338076182B98763600DEADAB /* Assets.xcassets */ = {isa = PBXFileReference; lastKnownFileType = folder.assetcatalog; path = Assets.xcassets; sourceTree = "<group>"; };
		3380761B2B98763600DEADAB /* Preview Assets.xcassets */ = {isa = PBXFileReference; lastKnownFileType = folder.assetcatalog; path = "Preview Assets.xcassets"; sourceTree = "<group>"; };
		338076222B98768400DEADAB /* ViewModifierBootcamp.swift */ = {isa = PBXFileReference; lastKnownFileType = sourcecode.swift; path = ViewModifierBootcamp.swift; sourceTree = "<group>"; };
		96265BF12B98BA4D000F845A /* ButtonStyleBootcamp.swift */ = {isa = PBXFileReference; lastKnownFileType = sourcecode.swift; path = ButtonStyleBootcamp.swift; sourceTree = "<group>"; };
		96265BF32B999D24000F845A /* AnyTrasitionBootcamp.swift */ = {isa = PBXFileReference; lastKnownFileType = sourcecode.swift; path = AnyTrasitionBootcamp.swift; sourceTree = "<group>"; };
		96265BF52B99A529000F845A /* MatchedGeometryEffectBootcamp.swift */ = {isa = PBXFileReference; lastKnownFileType = sourcecode.swift; path = MatchedGeometryEffectBootcamp.swift; sourceTree = "<group>"; };
		96265BF72B99AF6E000F845A /* CustomShapesBootcamp.swift */ = {isa = PBXFileReference; lastKnownFileType = sourcecode.swift; path = CustomShapesBootcamp.swift; sourceTree = "<group>"; };
		96265BF92B99B759000F845A /* CusomeCurvesBootcamp.swift */ = {isa = PBXFileReference; lastKnownFileType = sourcecode.swift; path = CusomeCurvesBootcamp.swift; sourceTree = "<group>"; };
/* End PBXFileReference section */

/* Begin PBXFrameworksBuildPhase section */
		3380760E2B98763500DEADAB /* Frameworks */ = {
			isa = PBXFrameworksBuildPhase;
			buildActionMask = 2147483647;
			files = (
			);
			runOnlyForDeploymentPostprocessing = 0;
		};
/* End PBXFrameworksBuildPhase section */

/* Begin PBXGroup section */
		338076082B98763500DEADAB = {
			isa = PBXGroup;
			children = (
				338076132B98763500DEADAB /* SwiftUIAdvancedLearning */,
				338076122B98763500DEADAB /* Products */,
			);
			sourceTree = "<group>";
		};
		338076122B98763500DEADAB /* Products */ = {
			isa = PBXGroup;
			children = (
				338076112B98763500DEADAB /* SwiftUIAdvancedLearning.app */,
			);
			name = Products;
			sourceTree = "<group>";
		};
		338076132B98763500DEADAB /* SwiftUIAdvancedLearning */ = {
			isa = PBXGroup;
			children = (
				338076142B98763500DEADAB /* SwiftUIAdvancedLearningApp.swift */,
				338076222B98768400DEADAB /* ViewModifierBootcamp.swift */,
				96265BF12B98BA4D000F845A /* ButtonStyleBootcamp.swift */,
				96265BF32B999D24000F845A /* AnyTrasitionBootcamp.swift */,
				96265BF52B99A529000F845A /* MatchedGeometryEffectBootcamp.swift */,
				96265BF72B99AF6E000F845A /* CustomShapesBootcamp.swift */,
				96265BF92B99B759000F845A /* CusomeCurvesBootcamp.swift */,
				338076182B98763600DEADAB /* Assets.xcassets */,
				3380761A2B98763600DEADAB /* Preview Content */,
			);
			path = SwiftUIAdvancedLearning;
			sourceTree = "<group>";
		};
		3380761A2B98763600DEADAB /* Preview Content */ = {
			isa = PBXGroup;
			children = (
				3380761B2B98763600DEADAB /* Preview Assets.xcassets */,
			);
			path = "Preview Content";
			sourceTree = "<group>";
		};
/* End PBXGroup section */

/* Begin PBXNativeTarget section */
		338076102B98763500DEADAB /* SwiftUIAdvancedLearning */ = {
			isa = PBXNativeTarget;
			buildConfigurationList = 3380761F2B98763600DEADAB /* Build configuration list for PBXNativeTarget "SwiftUIAdvancedLearning" */;
			buildPhases = (
				3380760D2B98763500DEADAB /* Sources */,
				3380760E2B98763500DEADAB /* Frameworks */,
				3380760F2B98763500DEADAB /* Resources */,
			);
			buildRules = (
			);
			dependencies = (
			);
			name = SwiftUIAdvancedLearning;
			productName = SwiftUIAdvancedLearning;
			productReference = 338076112B98763500DEADAB /* SwiftUIAdvancedLearning.app */;
			productType = "com.apple.product-type.application";
		};
/* End PBXNativeTarget section */

/* Begin PBXProject section */
		338076092B98763500DEADAB /* Project object */ = {
			isa = PBXProject;
			attributes = {
				BuildIndependentTargetsInParallel = 1;
				LastSwiftUpdateCheck = 1530;
				LastUpgradeCheck = 1530;
				TargetAttributes = {
					338076102B98763500DEADAB = {
						CreatedOnToolsVersion = 15.3;
					};
				};
			};
			buildConfigurationList = 3380760C2B98763500DEADAB /* Build configuration list for PBXProject "SwiftUIAdvancedLearning" */;
			compatibilityVersion = "Xcode 14.0";
			developmentRegion = en;
			hasScannedForEncodings = 0;
			knownRegions = (
				en,
				Base,
			);
			mainGroup = 338076082B98763500DEADAB;
			productRefGroup = 338076122B98763500DEADAB /* Products */;
			projectDirPath = "";
			projectRoot = "";
			targets = (
				338076102B98763500DEADAB /* SwiftUIAdvancedLearning */,
			);
		};
/* End PBXProject section */

/* Begin PBXResourcesBuildPhase section */
		3380760F2B98763500DEADAB /* Resources */ = {
			isa = PBXResourcesBuildPhase;
			buildActionMask = 2147483647;
			files = (
				3380761C2B98763600DEADAB /* Preview Assets.xcassets in Resources */,
				338076192B98763600DEADAB /* Assets.xcassets in Resources */,
			);
			runOnlyForDeploymentPostprocessing = 0;
		};
/* End PBXResourcesBuildPhase section */

/* Begin PBXSourcesBuildPhase section */
		3380760D2B98763500DEADAB /* Sources */ = {
			isa = PBXSourcesBuildPhase;
			buildActionMask = 2147483647;
			files = (
				96265BF22B98BA4D000F845A /* ButtonStyleBootcamp.swift in Sources */,
				338076232B98768400DEADAB /* ViewModifierBootcamp.swift in Sources */,
				338076152B98763500DEADAB /* SwiftUIAdvancedLearningApp.swift in Sources */,
				96265BFA2B99B759000F845A /* CusomeCurvesBootcamp.swift in Sources */,
				96265BF42B999D24000F845A /* AnyTrasitionBootcamp.swift in Sources */,
				96265BF62B99A529000F845A /* MatchedGeometryEffectBootcamp.swift in Sources */,
				96265BF82B99AF6E000F845A /* CustomShapesBootcamp.swift in Sources */,
			);
			runOnlyForDeploymentPostprocessing = 0;
		};
/* End PBXSourcesBuildPhase section */

/* Begin XCBuildConfiguration section */
		3380761D2B98763600DEADAB /* Debug */ = {
			isa = XCBuildConfiguration;
			buildSettings = {
				ALWAYS_SEARCH_USER_PATHS = NO;
				ASSETCATALOG_COMPILER_GENERATE_SWIFT_ASSET_SYMBOL_EXTENSIONS = YES;
				CLANG_ANALYZER_NONNULL = YES;
				CLANG_ANALYZER_NUMBER_OBJECT_CONVERSION = YES_AGGRESSIVE;
				CLANG_CXX_LANGUAGE_STANDARD = "gnu++20";
				CLANG_ENABLE_MODULES = YES;
				CLANG_ENABLE_OBJC_ARC = YES;
				CLANG_ENABLE_OBJC_WEAK = YES;
				CLANG_WARN_BLOCK_CAPTURE_AUTORELEASING = YES;
				CLANG_WARN_BOOL_CONVERSION = YES;
				CLANG_WARN_COMMA = YES;
				CLANG_WARN_CONSTANT_CONVERSION = YES;
				CLANG_WARN_DEPRECATED_OBJC_IMPLEMENTATIONS = YES;
				CLANG_WARN_DIRECT_OBJC_ISA_USAGE = YES_ERROR;
				CLANG_WARN_DOCUMENTATION_COMMENTS = YES;
				CLANG_WARN_EMPTY_BODY = YES;
				CLANG_WARN_ENUM_CONVERSION = YES;
				CLANG_WARN_INFINITE_RECURSION = YES;
				CLANG_WARN_INT_CONVERSION = YES;
				CLANG_WARN_NON_LITERAL_NULL_CONVERSION = YES;
				CLANG_WARN_OBJC_IMPLICIT_RETAIN_SELF = YES;
				CLANG_WARN_OBJC_LITERAL_CONVERSION = YES;
				CLANG_WARN_OBJC_ROOT_CLASS = YES_ERROR;
				CLANG_WARN_QUOTED_INCLUDE_IN_FRAMEWORK_HEADER = YES;
				CLANG_WARN_RANGE_LOOP_ANALYSIS = YES;
				CLANG_WARN_STRICT_PROTOTYPES = YES;
				CLANG_WARN_SUSPICIOUS_MOVE = YES;
				CLANG_WARN_UNGUARDED_AVAILABILITY = YES_AGGRESSIVE;
				CLANG_WARN_UNREACHABLE_CODE = YES;
				CLANG_WARN__DUPLICATE_METHOD_MATCH = YES;
				COPY_PHASE_STRIP = NO;
				DEBUG_INFORMATION_FORMAT = dwarf;
				ENABLE_STRICT_OBJC_MSGSEND = YES;
				ENABLE_TESTABILITY = YES;
				ENABLE_USER_SCRIPT_SANDBOXING = YES;
				GCC_C_LANGUAGE_STANDARD = gnu17;
				GCC_DYNAMIC_NO_PIC = NO;
				GCC_NO_COMMON_BLOCKS = YES;
				GCC_OPTIMIZATION_LEVEL = 0;
				GCC_PREPROCESSOR_DEFINITIONS = (
					"DEBUG=1",
					"$(inherited)",
				);
				GCC_WARN_64_TO_32_BIT_CONVERSION = YES;
				GCC_WARN_ABOUT_RETURN_TYPE = YES_ERROR;
				GCC_WARN_UNDECLARED_SELECTOR = YES;
				GCC_WARN_UNINITIALIZED_AUTOS = YES_AGGRESSIVE;
				GCC_WARN_UNUSED_FUNCTION = YES;
				GCC_WARN_UNUSED_VARIABLE = YES;
				IPHONEOS_DEPLOYMENT_TARGET = 17.4;
				LOCALIZATION_PREFERS_STRING_CATALOGS = YES;
				MTL_ENABLE_DEBUG_INFO = INCLUDE_SOURCE;
				MTL_FAST_MATH = YES;
				ONLY_ACTIVE_ARCH = YES;
				SDKROOT = iphoneos;
				SWIFT_ACTIVE_COMPILATION_CONDITIONS = "DEBUG $(inherited)";
				SWIFT_OPTIMIZATION_LEVEL = "-Onone";
			};
			name = Debug;
		};
		3380761E2B98763600DEADAB /* Release */ = {
			isa = XCBuildConfiguration;
			buildSettings = {
				ALWAYS_SEARCH_USER_PATHS = NO;
				ASSETCATALOG_COMPILER_GENERATE_SWIFT_ASSET_SYMBOL_EXTENSIONS = YES;
				CLANG_ANALYZER_NONNULL = YES;
				CLANG_ANALYZER_NUMBER_OBJECT_CONVERSION = YES_AGGRESSIVE;
				CLANG_CXX_LANGUAGE_STANDARD = "gnu++20";
				CLANG_ENABLE_MODULES = YES;
				CLANG_ENABLE_OBJC_ARC = YES;
				CLANG_ENABLE_OBJC_WEAK = YES;
				CLANG_WARN_BLOCK_CAPTURE_AUTORELEASING = YES;
				CLANG_WARN_BOOL_CONVERSION = YES;
				CLANG_WARN_COMMA = YES;
				CLANG_WARN_CONSTANT_CONVERSION = YES;
				CLANG_WARN_DEPRECATED_OBJC_IMPLEMENTATIONS = YES;
				CLANG_WARN_DIRECT_OBJC_ISA_USAGE = YES_ERROR;
				CLANG_WARN_DOCUMENTATION_COMMENTS = YES;
				CLANG_WARN_EMPTY_BODY = YES;
				CLANG_WARN_ENUM_CONVERSION = YES;
				CLANG_WARN_INFINITE_RECURSION = YES;
				CLANG_WARN_INT_CONVERSION = YES;
				CLANG_WARN_NON_LITERAL_NULL_CONVERSION = YES;
				CLANG_WARN_OBJC_IMPLICIT_RETAIN_SELF = YES;
				CLANG_WARN_OBJC_LITERAL_CONVERSION = YES;
				CLANG_WARN_OBJC_ROOT_CLASS = YES_ERROR;
				CLANG_WARN_QUOTED_INCLUDE_IN_FRAMEWORK_HEADER = YES;
				CLANG_WARN_RANGE_LOOP_ANALYSIS = YES;
				CLANG_WARN_STRICT_PROTOTYPES = YES;
				CLANG_WARN_SUSPICIOUS_MOVE = YES;
				CLANG_WARN_UNGUARDED_AVAILABILITY = YES_AGGRESSIVE;
				CLANG_WARN_UNREACHABLE_CODE = YES;
				CLANG_WARN__DUPLICATE_METHOD_MATCH = YES;
				COPY_PHASE_STRIP = NO;
				DEBUG_INFORMATION_FORMAT = "dwarf-with-dsym";
				ENABLE_NS_ASSERTIONS = NO;
				ENABLE_STRICT_OBJC_MSGSEND = YES;
				ENABLE_USER_SCRIPT_SANDBOXING = YES;
				GCC_C_LANGUAGE_STANDARD = gnu17;
				GCC_NO_COMMON_BLOCKS = YES;
				GCC_WARN_64_TO_32_BIT_CONVERSION = YES;
				GCC_WARN_ABOUT_RETURN_TYPE = YES_ERROR;
				GCC_WARN_UNDECLARED_SELECTOR = YES;
				GCC_WARN_UNINITIALIZED_AUTOS = YES_AGGRESSIVE;
				GCC_WARN_UNUSED_FUNCTION = YES;
				GCC_WARN_UNUSED_VARIABLE = YES;
				IPHONEOS_DEPLOYMENT_TARGET = 17.4;
				LOCALIZATION_PREFERS_STRING_CATALOGS = YES;
				MTL_ENABLE_DEBUG_INFO = NO;
				MTL_FAST_MATH = YES;
				SDKROOT = iphoneos;
				SWIFT_COMPILATION_MODE = wholemodule;
				VALIDATE_PRODUCT = YES;
			};
			name = Release;
		};
		338076202B98763600DEADAB /* Debug */ = {
			isa = XCBuildConfiguration;
			buildSettings = {
				ASSETCATALOG_COMPILER_APPICON_NAME = AppIcon;
				ASSETCATALOG_COMPILER_GLOBAL_ACCENT_COLOR_NAME = AccentColor;
				CODE_SIGN_STYLE = Automatic;
				CURRENT_PROJECT_VERSION = 1;
				DEVELOPMENT_ASSET_PATHS = "\"SwiftUIAdvancedLearning/Preview Content\"";
				DEVELOPMENT_TEAM = 7PL3GNXND7;
				ENABLE_PREVIEWS = YES;
				GENERATE_INFOPLIST_FILE = YES;
				INFOPLIST_KEY_UIApplicationSceneManifest_Generation = YES;
				INFOPLIST_KEY_UIApplicationSupportsIndirectInputEvents = YES;
				INFOPLIST_KEY_UILaunchScreen_Generation = YES;
				INFOPLIST_KEY_UISupportedInterfaceOrientations_iPad = "UIInterfaceOrientationPortrait UIInterfaceOrientationPortraitUpsideDown UIInterfaceOrientationLandscapeLeft UIInterfaceOrientationLandscapeRight";
				INFOPLIST_KEY_UISupportedInterfaceOrientations_iPhone = "UIInterfaceOrientationPortrait UIInterfaceOrientationLandscapeLeft UIInterfaceOrientationLandscapeRight";
				LD_RUNPATH_SEARCH_PATHS = (
					"$(inherited)",
					"@executable_path/Frameworks",
				);
				MARKETING_VERSION = 1.0;
				PRODUCT_BUNDLE_IDENTIFIER = baihong.bao.SwiftUIAdvancedLearning;
				PRODUCT_NAME = "$(TARGET_NAME)";
				SWIFT_EMIT_LOC_STRINGS = YES;
				SWIFT_VERSION = 5.0;
				TARGETED_DEVICE_FAMILY = "1,2";
			};
			name = Debug;
		};
		338076212B98763600DEADAB /* Release */ = {
			isa = XCBuildConfiguration;
			buildSettings = {
				ASSETCATALOG_COMPILER_APPICON_NAME = AppIcon;
				ASSETCATALOG_COMPILER_GLOBAL_ACCENT_COLOR_NAME = AccentColor;
				CODE_SIGN_STYLE = Automatic;
				CURRENT_PROJECT_VERSION = 1;
				DEVELOPMENT_ASSET_PATHS = "\"SwiftUIAdvancedLearning/Preview Content\"";
				DEVELOPMENT_TEAM = 7PL3GNXND7;
				ENABLE_PREVIEWS = YES;
				GENERATE_INFOPLIST_FILE = YES;
				INFOPLIST_KEY_UIApplicationSceneManifest_Generation = YES;
				INFOPLIST_KEY_UIApplicationSupportsIndirectInputEvents = YES;
				INFOPLIST_KEY_UILaunchScreen_Generation = YES;
				INFOPLIST_KEY_UISupportedInterfaceOrientations_iPad = "UIInterfaceOrientationPortrait UIInterfaceOrientationPortraitUpsideDown UIInterfaceOrientationLandscapeLeft UIInterfaceOrientationLandscapeRight";
				INFOPLIST_KEY_UISupportedInterfaceOrientations_iPhone = "UIInterfaceOrientationPortrait UIInterfaceOrientationLandscapeLeft UIInterfaceOrientationLandscapeRight";
				LD_RUNPATH_SEARCH_PATHS = (
					"$(inherited)",
					"@executable_path/Frameworks",
				);
				MARKETING_VERSION = 1.0;
				PRODUCT_BUNDLE_IDENTIFIER = baihong.bao.SwiftUIAdvancedLearning;
				PRODUCT_NAME = "$(TARGET_NAME)";
				SWIFT_EMIT_LOC_STRINGS = YES;
				SWIFT_VERSION = 5.0;
				TARGETED_DEVICE_FAMILY = "1,2";
			};
			name = Release;
		};
/* End XCBuildConfiguration section */

/* Begin XCConfigurationList section */
		3380760C2B98763500DEADAB /* Build configuration list for PBXProject "SwiftUIAdvancedLearning" */ = {
			isa = XCConfigurationList;
			buildConfigurations = (
				3380761D2B98763600DEADAB /* Debug */,
				3380761E2B98763600DEADAB /* Release */,
			);
			defaultConfigurationIsVisible = 0;
			defaultConfigurationName = Release;
		};
		3380761F2B98763600DEADAB /* Build configuration list for PBXNativeTarget "SwiftUIAdvancedLearning" */ = {
			isa = XCConfigurationList;
			buildConfigurations = (
				338076202B98763600DEADAB /* Debug */,
				338076212B98763600DEADAB /* Release */,
			);
			defaultConfigurationIsVisible = 0;
			defaultConfigurationName = Release;
		};
/* End XCConfigurationList section */
	};
	rootObject = 338076092B98763500DEADAB /* Project object */;
}
